
Microsoft Visual Studio Solution File, Format Version 12.00
# Visual Studio 15
VisualStudioVersion = 15.0.28307.168
MinimumVisualStudioVersion = 10.0.40219.1
Project("{FAE04EC0-301F-11D3-BF4B-00C04F79EFBC}") = "opgave_variablertal", "opgave_variablertal\opgave_variablertal.csproj", "{291E4DBB-A1BD-4598-8FD3-6569DDB346C6}"
EndProject
Project("{FAE04EC0-301F-11D3-BF4B-00C04F79EFBC}") = "Regnemaskinen", "Regnemaskinen\Regnemaskinen.csproj", "{5A52668A-3E62-4581-A222-3C382651CADB}"
EndProject
Project("{FAE04EC0-301F-11D3-BF4B-00C04F79EFBC}") = "Variabler2", "Variabler2\Variabler2.csproj", "{63041CF6-715D-4AE8-8E8E-0D7DAFB44974}"
EndProject
Project("{FAE04EC0-301F-11D3-BF4B-00C04F79EFBC}") = "Date time", "Date time\Date time.csproj", "{1F0E3252-528B-41CC-B9D2-8C3DC56539D4}"
EndProject
Project("{FAE04EC0-301F-11D3-BF4B-00C04F79EFBC}") = "WindowsFormsApp1", "WindowsFormsApp1\WindowsFormsApp1.csproj", "{B4CCC50E-5468-45C6-8F01-1B69602AAD6E}"
EndProject
Project("{FAE04EC0-301F-11D3-BF4B-00C04F79EFBC}") = "Text med strenge", "Text med strenge\Text med strenge.csproj", "{6D074768-684D-470C-A415-7571F43C8C76}"
EndProject
Project("{FAE04EC0-301F-11D3-BF4B-00C04F79EFBC}") = "const", "const\const.csproj", "{925B1479-2F10-4315-88C7-346173BA60D6}"
EndProject
Project("{FAE04EC0-301F-11D3-BF4B-00C04F79EFBC}") = "Strukturer", "Strukturer\Strukturer.csproj", "{326D6432-805D-4A41-B878-022F0721E414}"
EndProject
Project("{FAE04EC0-301F-11D3-BF4B-00C04F79EFBC}") = "Enum", "Enum\Enum.csproj", "{58FA4AF4-C536-4A64-B7B2-848C30EABB0B}"
EndProject
Project("{FAE04EC0-301F-11D3-BF4B-00C04F79EFBC}") = "Struct og enum kortspil", "Struct og enum kortspil\Struct og enum kortspil.csproj", "{2C761061-DF53-4FD2-B007-7F29C3096D49}"
EndProject
Project("{FAE04EC0-301F-11D3-BF4B-00C04F79EFBC}") = "For og if løkke", "For og if løkke\For og if løkke.csproj", "{60CD4DCD-A616-4102-8841-96880588E29A}"
EndProject
Project("{FAE04EC0-301F-11D3-BF4B-00C04F79EFBC}") = "Flow_Break_Continue", "Flow_Break_Continue\Flow_Break_Continue.csproj", "{FAEB7D7D-DB74-4C5F-9437-6C9AE4CB381C}"
EndProject
Project("{FAE04EC0-301F-11D3-BF4B-00C04F79EFBC}") = "Metoder simple", "Metoder simple\Metoder simple.csproj", "{F0FA9D2F-9A0B-4762-BCFD-114F0FD9F99B}"
EndProject
Project("{FAE04EC0-301F-11D3-BF4B-00C04F79EFBC}") = "Main metode med hent af brugerens indtastning", "Main metode med hent af brugerens indtastning\Main metode med hent af brugerens indtastning.csproj", "{91891F2F-2408-474A-BC3A-5D30C0234C4A}"
EndProject
Project("{FAE04EC0-301F-11D3-BF4B-00C04F79EFBC}") = "Statisk metode", "Statisk metode\Statisk metode.csproj", "{044459FC-29D3-43D6-ADE4-B9E61B8FB4D8}"
EndProject
Project("{FAE04EC0-301F-11D3-BF4B-00C04F79EFBC}") = "Overload", "Overload\Overload.csproj", "{F1E67947-BE0D-4EEE-9073-AC37A3D18BB5}"
EndProject
Project("{FAE04EC0-301F-11D3-BF4B-00C04F79EFBC}") = "Rekursiv metode Løkke", "Rekursiv metode Løkke\Rekursiv metode Løkke.csproj", "{F6B95BEA-C69B-40E8-B82B-755D9AFFF933}"
EndProject
Project("{FAE04EC0-301F-11D3-BF4B-00C04F79EFBC}") = "Rekursivmetode get file", "Rekursivmetode get file\Rekursivmetode get file.csproj", "{12A1A779-BE03-48D6-8308-7DD894F72F4C}"
EndProject
Project("{FAE04EC0-301F-11D3-BF4B-00C04F79EFBC}") = "Fejl", "Fejl\Fejl.csproj", "{01859F95-E61F-4E89-A4E0-AAD6125CCC9C}"
EndProject
Project("{FAE04EC0-301F-11D3-BF4B-00C04F79EFBC}") = "Struct Class", "Struct Class\Struct Class.csproj", "{227FFA97-0A5D-42AE-ADEB-7376FC9DC5EF}"
EndProject
Project("{FAE04EC0-301F-11D3-BF4B-00C04F79EFBC}") = "skriv til fil", "skriv til fil\skriv til fil.csproj", "{4340A90F-538E-478A-B6E8-9C96A68468BE}"
EndProject
Project("{FAE04EC0-301F-11D3-BF4B-00C04F79EFBC}") = "Simpel klasse", "Simpel klasse\Simpel klasse.csproj", "{CA80FE9F-BDF2-4F71-80AD-50828AE89ADC}"
EndProject
Project("{FAE04EC0-301F-11D3-BF4B-00C04F79EFBC}") = "klasser(Terning)", "klasser(Terning)\klasser(Terning).csproj", "{AED1653C-1E5B-430B-8164-201A1AA5233A}"
EndProject
Project("{FAE04EC0-301F-11D3-BF4B-00C04F79EFBC}") = "Komplette egenskaber", "Komplette egenskaber\Komplette egenskaber.csproj", "{49BB14B0-A900-4079-80B3-F68F796BADBE}"
EndProject
Project("{FAE04EC0-301F-11D3-BF4B-00C04F79EFBC}") = "Automatiske egenskaber", "Automatiske egenskaber\Automatiske egenskaber.csproj", "{058BAB7A-9B14-4C35-9608-6101E959C793}"
EndProject
Project("{FAE04EC0-301F-11D3-BF4B-00C04F79EFBC}") = "Minterning", "Minterning\Minterning.csproj", "{0B717E69-87F7-4E4A-8C58-162A49D6F214}"
EndProject
Project("{FAE04EC0-301F-11D3-BF4B-00C04F79EFBC}") = "hyggeleg", "hyggeleg\hyggeleg.csproj", "{9573DFF9-2868-45B7-8184-F44CC4E8EBBF}"
EndProject
Project("{FAE04EC0-301F-11D3-BF4B-00C04F79EFBC}") = "Arrays", "Arrays\Arrays.csproj", "{6C340BB9-5393-4C36-BDD3-39296F10A5B7}"
EndProject
Project("{FAE04EC0-301F-11D3-BF4B-00C04F79EFBC}") = "Samlinger simpel", "Samlinger simpel\Samlinger simpel.csproj", "{520A01D5-FD05-43C4-AE78-56F5B02A5602}"
EndProject
Project("{FAE04EC0-301F-11D3-BF4B-00C04F79EFBC}") = "Samlinger kortspil", "Samlinger kortspil\Samlinger kortspil.csproj", "{F75E56A5-2513-41FF-9DE1-719A71DF3616}"
EndProject
Project("{FAE04EC0-301F-11D3-BF4B-00C04F79EFBC}") = "ren trænning", "ren trænning\ren trænning.csproj", "{6DDBB50C-B544-480E-A8EF-F28C6D8569BD}"
EndProject
Project("{FAE04EC0-301F-11D3-BF4B-00C04F79EFBC}") = "Arv simpel", "start5\Arv simpel.csproj", "{FB219350-FF55-4007-B84B-A95816FE029D}"
EndProject
Project("{FAE04EC0-301F-11D3-BF4B-00C04F79EFBC}") = "Arv udvidet", "Arv udvidet\Arv udvidet.csproj", "{3A26CC6C-D30A-487F-A069-5F2E67AAE56E}"
EndProject
Project("{FAE04EC0-301F-11D3-BF4B-00C04F79EFBC}") = "Arv Exception", "Arv Exception\Arv Exception.csproj", "{A4E1D9B3-3A54-4F35-8931-FDC24B5AECEB}"
EndProject
Project("{FAE04EC0-301F-11D3-BF4B-00C04F79EFBC}") = "Arv Terning", "Arv Terning\Arv Terning.csproj", "{E580AD9D-E21B-4640-8FFE-1D74BCE0BEB5}"
EndProject
Project("{FAE04EC0-301F-11D3-BF4B-00C04F79EFBC}") = "øve terning", "øve terning\øve terning.csproj", "{BE7FE16D-0463-4F48-953B-C9F16D8B1C36}"
EndProject
Project("{FAE04EC0-301F-11D3-BF4B-00C04F79EFBC}") = "Terning og ludo terning", "ludo\Terning og ludo terning.csproj", "{4E6A2D13-85EF-4B3A-82CE-0B1FDF5414CA}"
EndProject
Global
	GlobalSection(SolutionConfigurationPlatforms) = preSolution
		Debug|Any CPU = Debug|Any CPU
		Release|Any CPU = Release|Any CPU
	EndGlobalSection
	GlobalSection(ProjectConfigurationPlatforms) = postSolution
		{291E4DBB-A1BD-4598-8FD3-6569DDB346C6}.Debug|Any CPU.ActiveCfg = Debug|Any CPU
		{291E4DBB-A1BD-4598-8FD3-6569DDB346C6}.Debug|Any CPU.Build.0 = Debug|Any CPU
		{291E4DBB-A1BD-4598-8FD3-6569DDB346C6}.Release|Any CPU.ActiveCfg = Release|Any CPU
		{291E4DBB-A1BD-4598-8FD3-6569DDB346C6}.Release|Any CPU.Build.0 = Release|Any CPU
		{5A52668A-3E62-4581-A222-3C382651CADB}.Debug|Any CPU.ActiveCfg = Debug|Any CPU
		{5A52668A-3E62-4581-A222-3C382651CADB}.Debug|Any CPU.Build.0 = Debug|Any CPU
		{5A52668A-3E62-4581-A222-3C382651CADB}.Release|Any CPU.ActiveCfg = Release|Any CPU
		{5A52668A-3E62-4581-A222-3C382651CADB}.Release|Any CPU.Build.0 = Release|Any CPU
		{63041CF6-715D-4AE8-8E8E-0D7DAFB44974}.Debug|Any CPU.ActiveCfg = Debug|Any CPU
		{63041CF6-715D-4AE8-8E8E-0D7DAFB44974}.Debug|Any CPU.Build.0 = Debug|Any CPU
		{63041CF6-715D-4AE8-8E8E-0D7DAFB44974}.Release|Any CPU.ActiveCfg = Release|Any CPU
		{63041CF6-715D-4AE8-8E8E-0D7DAFB44974}.Release|Any CPU.Build.0 = Release|Any CPU
		{1F0E3252-528B-41CC-B9D2-8C3DC56539D4}.Debug|Any CPU.ActiveCfg = Debug|Any CPU
		{1F0E3252-528B-41CC-B9D2-8C3DC56539D4}.Debug|Any CPU.Build.0 = Debug|Any CPU
		{1F0E3252-528B-41CC-B9D2-8C3DC56539D4}.Release|Any CPU.ActiveCfg = Release|Any CPU
		{1F0E3252-528B-41CC-B9D2-8C3DC56539D4}.Release|Any CPU.Build.0 = Release|Any CPU
		{B4CCC50E-5468-45C6-8F01-1B69602AAD6E}.Debug|Any CPU.ActiveCfg = Debug|Any CPU
		{B4CCC50E-5468-45C6-8F01-1B69602AAD6E}.Debug|Any CPU.Build.0 = Debug|Any CPU
		{B4CCC50E-5468-45C6-8F01-1B69602AAD6E}.Release|Any CPU.ActiveCfg = Release|Any CPU
		{B4CCC50E-5468-45C6-8F01-1B69602AAD6E}.Release|Any CPU.Build.0 = Release|Any CPU
		{6D074768-684D-470C-A415-7571F43C8C76}.Debug|Any CPU.ActiveCfg = Debug|Any CPU
		{6D074768-684D-470C-A415-7571F43C8C76}.Debug|Any CPU.Build.0 = Debug|Any CPU
		{6D074768-684D-470C-A415-7571F43C8C76}.Release|Any CPU.ActiveCfg = Release|Any CPU
		{6D074768-684D-470C-A415-7571F43C8C76}.Release|Any CPU.Build.0 = Release|Any CPU
		{925B1479-2F10-4315-88C7-346173BA60D6}.Debug|Any CPU.ActiveCfg = Debug|Any CPU
		{925B1479-2F10-4315-88C7-346173BA60D6}.Debug|Any CPU.Build.0 = Debug|Any CPU
		{925B1479-2F10-4315-88C7-346173BA60D6}.Release|Any CPU.ActiveCfg = Release|Any CPU
		{925B1479-2F10-4315-88C7-346173BA60D6}.Release|Any CPU.Build.0 = Release|Any CPU
		{326D6432-805D-4A41-B878-022F0721E414}.Debug|Any CPU.ActiveCfg = Debug|Any CPU
		{326D6432-805D-4A41-B878-022F0721E414}.Debug|Any CPU.Build.0 = Debug|Any CPU
		{326D6432-805D-4A41-B878-022F0721E414}.Release|Any CPU.ActiveCfg = Release|Any CPU
		{326D6432-805D-4A41-B878-022F0721E414}.Release|Any CPU.Build.0 = Release|Any CPU
		{58FA4AF4-C536-4A64-B7B2-848C30EABB0B}.Debug|Any CPU.ActiveCfg = Debug|Any CPU
		{58FA4AF4-C536-4A64-B7B2-848C30EABB0B}.Debug|Any CPU.Build.0 = Debug|Any CPU
		{58FA4AF4-C536-4A64-B7B2-848C30EABB0B}.Release|Any CPU.ActiveCfg = Release|Any CPU
		{58FA4AF4-C536-4A64-B7B2-848C30EABB0B}.Release|Any CPU.Build.0 = Release|Any CPU
		{2C761061-DF53-4FD2-B007-7F29C3096D49}.Debug|Any CPU.ActiveCfg = Debug|Any CPU
		{2C761061-DF53-4FD2-B007-7F29C3096D49}.Debug|Any CPU.Build.0 = Debug|Any CPU
		{2C761061-DF53-4FD2-B007-7F29C3096D49}.Release|Any CPU.ActiveCfg = Release|Any CPU
		{2C761061-DF53-4FD2-B007-7F29C3096D49}.Release|Any CPU.Build.0 = Release|Any CPU
		{60CD4DCD-A616-4102-8841-96880588E29A}.Debug|Any CPU.ActiveCfg = Debug|Any CPU
		{60CD4DCD-A616-4102-8841-96880588E29A}.Debug|Any CPU.Build.0 = Debug|Any CPU
		{60CD4DCD-A616-4102-8841-96880588E29A}.Release|Any CPU.ActiveCfg = Release|Any CPU
		{60CD4DCD-A616-4102-8841-96880588E29A}.Release|Any CPU.Build.0 = Release|Any CPU
		{FAEB7D7D-DB74-4C5F-9437-6C9AE4CB381C}.Debug|Any CPU.ActiveCfg = Debug|Any CPU
		{FAEB7D7D-DB74-4C5F-9437-6C9AE4CB381C}.Debug|Any CPU.Build.0 = Debug|Any CPU
		{FAEB7D7D-DB74-4C5F-9437-6C9AE4CB381C}.Release|Any CPU.ActiveCfg = Release|Any CPU
		{FAEB7D7D-DB74-4C5F-9437-6C9AE4CB381C}.Release|Any CPU.Build.0 = Release|Any CPU
		{F0FA9D2F-9A0B-4762-BCFD-114F0FD9F99B}.Debug|Any CPU.ActiveCfg = Debug|Any CPU
		{F0FA9D2F-9A0B-4762-BCFD-114F0FD9F99B}.Debug|Any CPU.Build.0 = Debug|Any CPU
		{F0FA9D2F-9A0B-4762-BCFD-114F0FD9F99B}.Release|Any CPU.ActiveCfg = Release|Any CPU
		{F0FA9D2F-9A0B-4762-BCFD-114F0FD9F99B}.Release|Any CPU.Build.0 = Release|Any CPU
		{91891F2F-2408-474A-BC3A-5D30C0234C4A}.Debug|Any CPU.ActiveCfg = Debug|Any CPU
		{91891F2F-2408-474A-BC3A-5D30C0234C4A}.Debug|Any CPU.Build.0 = Debug|Any CPU
		{91891F2F-2408-474A-BC3A-5D30C0234C4A}.Release|Any CPU.ActiveCfg = Release|Any CPU
		{91891F2F-2408-474A-BC3A-5D30C0234C4A}.Release|Any CPU.Build.0 = Release|Any CPU
		{044459FC-29D3-43D6-ADE4-B9E61B8FB4D8}.Debug|Any CPU.ActiveCfg = Debug|Any CPU
		{044459FC-29D3-43D6-ADE4-B9E61B8FB4D8}.Debug|Any CPU.Build.0 = Debug|Any CPU
		{044459FC-29D3-43D6-ADE4-B9E61B8FB4D8}.Release|Any CPU.ActiveCfg = Release|Any CPU
		{044459FC-29D3-43D6-ADE4-B9E61B8FB4D8}.Release|Any CPU.Build.0 = Release|Any CPU
		{F1E67947-BE0D-4EEE-9073-AC37A3D18BB5}.Debug|Any CPU.ActiveCfg = Debug|Any CPU
		{F1E67947-BE0D-4EEE-9073-AC37A3D18BB5}.Debug|Any CPU.Build.0 = Debug|Any CPU
		{F1E67947-BE0D-4EEE-9073-AC37A3D18BB5}.Release|Any CPU.ActiveCfg = Release|Any CPU
		{F1E67947-BE0D-4EEE-9073-AC37A3D18BB5}.Release|Any CPU.Build.0 = Release|Any CPU
		{F6B95BEA-C69B-40E8-B82B-755D9AFFF933}.Debug|Any CPU.ActiveCfg = Debug|Any CPU
		{F6B95BEA-C69B-40E8-B82B-755D9AFFF933}.Debug|Any CPU.Build.0 = Debug|Any CPU
		{F6B95BEA-C69B-40E8-B82B-755D9AFFF933}.Release|Any CPU.ActiveCfg = Release|Any CPU
		{F6B95BEA-C69B-40E8-B82B-755D9AFFF933}.Release|Any CPU.Build.0 = Release|Any CPU
		{12A1A779-BE03-48D6-8308-7DD894F72F4C}.Debug|Any CPU.ActiveCfg = Debug|Any CPU
		{12A1A779-BE03-48D6-8308-7DD894F72F4C}.Debug|Any CPU.Build.0 = Debug|Any CPU
		{12A1A779-BE03-48D6-8308-7DD894F72F4C}.Release|Any CPU.ActiveCfg = Release|Any CPU
		{12A1A779-BE03-48D6-8308-7DD894F72F4C}.Release|Any CPU.Build.0 = Release|Any CPU
		{01859F95-E61F-4E89-A4E0-AAD6125CCC9C}.Debug|Any CPU.ActiveCfg = Debug|Any CPU
		{01859F95-E61F-4E89-A4E0-AAD6125CCC9C}.Debug|Any CPU.Build.0 = Debug|Any CPU
		{01859F95-E61F-4E89-A4E0-AAD6125CCC9C}.Release|Any CPU.ActiveCfg = Release|Any CPU
		{01859F95-E61F-4E89-A4E0-AAD6125CCC9C}.Release|Any CPU.Build.0 = Release|Any CPU
		{227FFA97-0A5D-42AE-ADEB-7376FC9DC5EF}.Debug|Any CPU.ActiveCfg = Debug|Any CPU
		{227FFA97-0A5D-42AE-ADEB-7376FC9DC5EF}.Debug|Any CPU.Build.0 = Debug|Any CPU
		{227FFA97-0A5D-42AE-ADEB-7376FC9DC5EF}.Release|Any CPU.ActiveCfg = Release|Any CPU
		{227FFA97-0A5D-42AE-ADEB-7376FC9DC5EF}.Release|Any CPU.Build.0 = Release|Any CPU
		{4340A90F-538E-478A-B6E8-9C96A68468BE}.Debug|Any CPU.ActiveCfg = Debug|Any CPU
		{4340A90F-538E-478A-B6E8-9C96A68468BE}.Debug|Any CPU.Build.0 = Debug|Any CPU
		{4340A90F-538E-478A-B6E8-9C96A68468BE}.Release|Any CPU.ActiveCfg = Release|Any CPU
		{4340A90F-538E-478A-B6E8-9C96A68468BE}.Release|Any CPU.Build.0 = Release|Any CPU
		{CA80FE9F-BDF2-4F71-80AD-50828AE89ADC}.Debug|Any CPU.ActiveCfg = Debug|Any CPU
		{CA80FE9F-BDF2-4F71-80AD-50828AE89ADC}.Debug|Any CPU.Build.0 = Debug|Any CPU
		{CA80FE9F-BDF2-4F71-80AD-50828AE89ADC}.Release|Any CPU.ActiveCfg = Release|Any CPU
		{CA80FE9F-BDF2-4F71-80AD-50828AE89ADC}.Release|Any CPU.Build.0 = Release|Any CPU
		{AED1653C-1E5B-430B-8164-201A1AA5233A}.Debug|Any CPU.ActiveCfg = Debug|Any CPU
		{AED1653C-1E5B-430B-8164-201A1AA5233A}.Debug|Any CPU.Build.0 = Debug|Any CPU
		{AED1653C-1E5B-430B-8164-201A1AA5233A}.Release|Any CPU.ActiveCfg = Release|Any CPU
		{AED1653C-1E5B-430B-8164-201A1AA5233A}.Release|Any CPU.Build.0 = Release|Any CPU
		{49BB14B0-A900-4079-80B3-F68F796BADBE}.Debug|Any CPU.ActiveCfg = Debug|Any CPU
		{49BB14B0-A900-4079-80B3-F68F796BADBE}.Debug|Any CPU.Build.0 = Debug|Any CPU
		{49BB14B0-A900-4079-80B3-F68F796BADBE}.Release|Any CPU.ActiveCfg = Release|Any CPU
		{49BB14B0-A900-4079-80B3-F68F796BADBE}.Release|Any CPU.Build.0 = Release|Any CPU
		{058BAB7A-9B14-4C35-9608-6101E959C793}.Debug|Any CPU.ActiveCfg = Debug|Any CPU
		{058BAB7A-9B14-4C35-9608-6101E959C793}.Debug|Any CPU.Build.0 = Debug|Any CPU
		{058BAB7A-9B14-4C35-9608-6101E959C793}.Release|Any CPU.ActiveCfg = Release|Any CPU
		{058BAB7A-9B14-4C35-9608-6101E959C793}.Release|Any CPU.Build.0 = Release|Any CPU
		{0B717E69-87F7-4E4A-8C58-162A49D6F214}.Debug|Any CPU.ActiveCfg = Debug|Any CPU
		{0B717E69-87F7-4E4A-8C58-162A49D6F214}.Debug|Any CPU.Build.0 = Debug|Any CPU
		{0B717E69-87F7-4E4A-8C58-162A49D6F214}.Release|Any CPU.ActiveCfg = Release|Any CPU
		{0B717E69-87F7-4E4A-8C58-162A49D6F214}.Release|Any CPU.Build.0 = Release|Any CPU
		{9573DFF9-2868-45B7-8184-F44CC4E8EBBF}.Debug|Any CPU.ActiveCfg = Debug|Any CPU
		{9573DFF9-2868-45B7-8184-F44CC4E8EBBF}.Debug|Any CPU.Build.0 = Debug|Any CPU
		{9573DFF9-2868-45B7-8184-F44CC4E8EBBF}.Release|Any CPU.ActiveCfg = Release|Any CPU
		{9573DFF9-2868-45B7-8184-F44CC4E8EBBF}.Release|Any CPU.Build.0 = Release|Any CPU
		{6C340BB9-5393-4C36-BDD3-39296F10A5B7}.Debug|Any CPU.ActiveCfg = Debug|Any CPU
		{6C340BB9-5393-4C36-BDD3-39296F10A5B7}.Debug|Any CPU.Build.0 = Debug|Any CPU
		{6C340BB9-5393-4C36-BDD3-39296F10A5B7}.Release|Any CPU.ActiveCfg = Release|Any CPU
		{6C340BB9-5393-4C36-BDD3-39296F10A5B7}.Release|Any CPU.Build.0 = Release|Any CPU
		{520A01D5-FD05-43C4-AE78-56F5B02A5602}.Debug|Any CPU.ActiveCfg = Debug|Any CPU
		{520A01D5-FD05-43C4-AE78-56F5B02A5602}.Debug|Any CPU.Build.0 = Debug|Any CPU
		{520A01D5-FD05-43C4-AE78-56F5B02A5602}.Release|Any CPU.ActiveCfg = Release|Any CPU
		{520A01D5-FD05-43C4-AE78-56F5B02A5602}.Release|Any CPU.Build.0 = Release|Any CPU
		{F75E56A5-2513-41FF-9DE1-719A71DF3616}.Debug|Any CPU.ActiveCfg = Debug|Any CPU
		{F75E56A5-2513-41FF-9DE1-719A71DF3616}.Debug|Any CPU.Build.0 = Debug|Any CPU
		{F75E56A5-2513-41FF-9DE1-719A71DF3616}.Release|Any CPU.ActiveCfg = Release|Any CPU
		{F75E56A5-2513-41FF-9DE1-719A71DF3616}.Release|Any CPU.Build.0 = Release|Any CPU
		{6DDBB50C-B544-480E-A8EF-F28C6D8569BD}.Debug|Any CPU.ActiveCfg = Debug|Any CPU
		{6DDBB50C-B544-480E-A8EF-F28C6D8569BD}.Debug|Any CPU.Build.0 = Debug|Any CPU
		{6DDBB50C-B544-480E-A8EF-F28C6D8569BD}.Release|Any CPU.ActiveCfg = Release|Any CPU
		{6DDBB50C-B544-480E-A8EF-F28C6D8569BD}.Release|Any CPU.Build.0 = Release|Any CPU
		{FB219350-FF55-4007-B84B-A95816FE029D}.Debug|Any CPU.ActiveCfg = Debug|Any CPU
		{FB219350-FF55-4007-B84B-A95816FE029D}.Debug|Any CPU.Build.0 = Debug|Any CPU
		{FB219350-FF55-4007-B84B-A95816FE029D}.Release|Any CPU.ActiveCfg = Release|Any CPU
		{FB219350-FF55-4007-B84B-A95816FE029D}.Release|Any CPU.Build.0 = Release|Any CPU
		{3A26CC6C-D30A-487F-A069-5F2E67AAE56E}.Debug|Any CPU.ActiveCfg = Debug|Any CPU
		{3A26CC6C-D30A-487F-A069-5F2E67AAE56E}.Debug|Any CPU.Build.0 = Debug|Any CPU
		{3A26CC6C-D30A-487F-A069-5F2E67AAE56E}.Release|Any CPU.ActiveCfg = Release|Any CPU
		{3A26CC6C-D30A-487F-A069-5F2E67AAE56E}.Release|Any CPU.Build.0 = Release|Any CPU
		{A4E1D9B3-3A54-4F35-8931-FDC24B5AECEB}.Debug|Any CPU.ActiveCfg = Debug|Any CPU
		{A4E1D9B3-3A54-4F35-8931-FDC24B5AECEB}.Debug|Any CPU.Build.0 = Debug|Any CPU
		{A4E1D9B3-3A54-4F35-8931-FDC24B5AECEB}.Release|Any CPU.ActiveCfg = Release|Any CPU
		{A4E1D9B3-3A54-4F35-8931-FDC24B5AECEB}.Release|Any CPU.Build.0 = Release|Any CPU
		{E580AD9D-E21B-4640-8FFE-1D74BCE0BEB5}.Debug|Any CPU.ActiveCfg = Debug|Any CPU
		{E580AD9D-E21B-4640-8FFE-1D74BCE0BEB5}.Debug|Any CPU.Build.0 = Debug|Any CPU
		{E580AD9D-E21B-4640-8FFE-1D74BCE0BEB5}.Release|Any CPU.ActiveCfg = Release|Any CPU
		{E580AD9D-E21B-4640-8FFE-1D74BCE0BEB5}.Release|Any CPU.Build.0 = Release|Any CPU
		{BE7FE16D-0463-4F48-953B-C9F16D8B1C36}.Debug|Any CPU.ActiveCfg = Debug|Any CPU
		{BE7FE16D-0463-4F48-953B-C9F16D8B1C36}.Debug|Any CPU.Build.0 = Debug|Any CPU
		{BE7FE16D-0463-4F48-953B-C9F16D8B1C36}.Release|Any CPU.ActiveCfg = Release|Any CPU
		{BE7FE16D-0463-4F48-953B-C9F16D8B1C36}.Release|Any CPU.Build.0 = Release|Any CPU
		{4E6A2D13-85EF-4B3A-82CE-0B1FDF5414CA}.Debug|Any CPU.ActiveCfg = Debug|Any CPU
		{4E6A2D13-85EF-4B3A-82CE-0B1FDF5414CA}.Debug|Any CPU.Build.0 = Debug|Any CPU
		{4E6A2D13-85EF-4B3A-82CE-0B1FDF5414CA}.Release|Any CPU.ActiveCfg = Release|Any CPU
		{4E6A2D13-85EF-4B3A-82CE-0B1FDF5414CA}.Release|Any CPU.Build.0 = Release|Any CPU
	EndGlobalSection
	GlobalSection(SolutionProperties) = preSolution
		HideSolutionNode = FALSE
	EndGlobalSection
	GlobalSection(ExtensibilityGlobals) = postSolution
		SolutionGuid = {12934240-16A6-4876-B636-3A9D37D9AA5C}
	EndGlobalSection
EndGlobal
