
Microsoft Visual Studio Solution File, Format Version 12.00
# Visual Studio 15
VisualStudioVersion = 15.0.28307.168
MinimumVisualStudioVersion = 10.0.40219.1
Project("{FAE04EC0-301F-11D3-BF4B-00C04F79EFBC}") = "opgave_variablertal", "opgave_variablertal\opgave_variablertal.csproj", "{291E4DBB-A1BD-4598-8FD3-6569DDB346C6}"
EndProject
Project("{FAE04EC0-301F-11D3-BF4B-00C04F79EFBC}") = "Regnemaskinen", "Regnemaskinen\Regnemaskinen.csproj", "{5A52668A-3E62-4581-A222-3C382651CADB}"
EndProject
Project("{FAE04EC0-301F-11D3-BF4B-00C04F79EFBC}") = "Variabler2", "Variabler2\Variabler2.csproj", "{63041CF6-715D-4AE8-8E8E-0D7DAFB44974}"
EndProject
Project("{FAE04EC0-301F-11D3-BF4B-00C04F79EFBC}") = "Date time", "Date time\Date time.csproj", "{1F0E3252-528B-41CC-B9D2-8C3DC56539D4}"
EndProject
Project("{FAE04EC0-301F-11D3-BF4B-00C04F79EFBC}") = "WindowsFormsApp1", "WindowsFormsApp1\WindowsFormsApp1.csproj", "{B4CCC50E-5468-45C6-8F01-1B69602AAD6E}"
EndProject
Project("{FAE04EC0-301F-11D3-BF4B-00C04F79EFBC}") = "Text med strenge", "Text med strenge\Text med strenge.csproj", "{6D074768-684D-470C-A415-7571F43C8C76}"
EndProject
Project("{FAE04EC0-301F-11D3-BF4B-00C04F79EFBC}") = "const", "const\const.csproj", "{925B1479-2F10-4315-88C7-346173BA60D6}"
EndProject
Project("{FAE04EC0-301F-11D3-BF4B-00C04F79EFBC}") = "Strukturer", "Strukturer\Strukturer.csproj", "{326D6432-805D-4A41-B878-022F0721E414}"
EndProject
Global
	GlobalSection(SolutionConfigurationPlatforms) = preSolution
		Debug|Any CPU = Debug|Any CPU
		Release|Any CPU = Release|Any CPU
	EndGlobalSection
	GlobalSection(ProjectConfigurationPlatforms) = postSolution
		{291E4DBB-A1BD-4598-8FD3-6569DDB346C6}.Debug|Any CPU.ActiveCfg = Debug|Any CPU
		{291E4DBB-A1BD-4598-8FD3-6569DDB346C6}.Debug|Any CPU.Build.0 = Debug|Any CPU
		{291E4DBB-A1BD-4598-8FD3-6569DDB346C6}.Release|Any CPU.ActiveCfg = Release|Any CPU
		{291E4DBB-A1BD-4598-8FD3-6569DDB346C6}.Release|Any CPU.Build.0 = Release|Any CPU
		{5A52668A-3E62-4581-A222-3C382651CADB}.Debug|Any CPU.ActiveCfg = Debug|Any CPU
		{5A52668A-3E62-4581-A222-3C382651CADB}.Debug|Any CPU.Build.0 = Debug|Any CPU
		{5A52668A-3E62-4581-A222-3C382651CADB}.Release|Any CPU.ActiveCfg = Release|Any CPU
		{5A52668A-3E62-4581-A222-3C382651CADB}.Release|Any CPU.Build.0 = Release|Any CPU
		{63041CF6-715D-4AE8-8E8E-0D7DAFB44974}.Debug|Any CPU.ActiveCfg = Debug|Any CPU
		{63041CF6-715D-4AE8-8E8E-0D7DAFB44974}.Debug|Any CPU.Build.0 = Debug|Any CPU
		{63041CF6-715D-4AE8-8E8E-0D7DAFB44974}.Release|Any CPU.ActiveCfg = Release|Any CPU
		{63041CF6-715D-4AE8-8E8E-0D7DAFB44974}.Release|Any CPU.Build.0 = Release|Any CPU
		{1F0E3252-528B-41CC-B9D2-8C3DC56539D4}.Debug|Any CPU.ActiveCfg = Debug|Any CPU
		{1F0E3252-528B-41CC-B9D2-8C3DC56539D4}.Debug|Any CPU.Build.0 = Debug|Any CPU
		{1F0E3252-528B-41CC-B9D2-8C3DC56539D4}.Release|Any CPU.ActiveCfg = Release|Any CPU
		{1F0E3252-528B-41CC-B9D2-8C3DC56539D4}.Release|Any CPU.Build.0 = Release|Any CPU
		{B4CCC50E-5468-45C6-8F01-1B69602AAD6E}.Debug|Any CPU.ActiveCfg = Debug|Any CPU
		{B4CCC50E-5468-45C6-8F01-1B69602AAD6E}.Debug|Any CPU.Build.0 = Debug|Any CPU
		{B4CCC50E-5468-45C6-8F01-1B69602AAD6E}.Release|Any CPU.ActiveCfg = Release|Any CPU
		{B4CCC50E-5468-45C6-8F01-1B69602AAD6E}.Release|Any CPU.Build.0 = Release|Any CPU
		{6D074768-684D-470C-A415-7571F43C8C76}.Debug|Any CPU.ActiveCfg = Debug|Any CPU
		{6D074768-684D-470C-A415-7571F43C8C76}.Debug|Any CPU.Build.0 = Debug|Any CPU
		{6D074768-684D-470C-A415-7571F43C8C76}.Release|Any CPU.ActiveCfg = Release|Any CPU
		{6D074768-684D-470C-A415-7571F43C8C76}.Release|Any CPU.Build.0 = Release|Any CPU
		{925B1479-2F10-4315-88C7-346173BA60D6}.Debug|Any CPU.ActiveCfg = Debug|Any CPU
		{925B1479-2F10-4315-88C7-346173BA60D6}.Debug|Any CPU.Build.0 = Debug|Any CPU
		{925B1479-2F10-4315-88C7-346173BA60D6}.Release|Any CPU.ActiveCfg = Release|Any CPU
		{925B1479-2F10-4315-88C7-346173BA60D6}.Release|Any CPU.Build.0 = Release|Any CPU
		{326D6432-805D-4A41-B878-022F0721E414}.Debug|Any CPU.ActiveCfg = Debug|Any CPU
		{326D6432-805D-4A41-B878-022F0721E414}.Debug|Any CPU.Build.0 = Debug|Any CPU
		{326D6432-805D-4A41-B878-022F0721E414}.Release|Any CPU.ActiveCfg = Release|Any CPU
		{326D6432-805D-4A41-B878-022F0721E414}.Release|Any CPU.Build.0 = Release|Any CPU
	EndGlobalSection
	GlobalSection(SolutionProperties) = preSolution
		HideSolutionNode = FALSE
	EndGlobalSection
	GlobalSection(ExtensibilityGlobals) = postSolution
		SolutionGuid = {12934240-16A6-4876-B636-3A9D37D9AA5C}
	EndGlobalSection
EndGlobal
