
Microsoft Visual Studio Solution File, Format Version 12.00
# Visual Studio 15
VisualStudioVersion = 15.0.28307.438
MinimumVisualStudioVersion = 10.0.40219.1
Project("{9A19103F-16F7-4668-BE54-9A1E7A4F7556}") = "ren træning", "ren træning.csproj", "{3D031451-91A6-492E-BF11-6D0BA63D7EF9}"
EndProject
Global
	GlobalSection(SolutionConfigurationPlatforms) = preSolution
		Debug|Any CPU = Debug|Any CPU
		Release|Any CPU = Release|Any CPU
	EndGlobalSection
	GlobalSection(ProjectConfigurationPlatforms) = postSolution
		{3D031451-91A6-492E-BF11-6D0BA63D7EF9}.Debug|Any CPU.ActiveCfg = Debug|Any CPU
		{3D031451-91A6-492E-BF11-6D0BA63D7EF9}.Debug|Any CPU.Build.0 = Debug|Any CPU
		{3D031451-91A6-492E-BF11-6D0BA63D7EF9}.Release|Any CPU.ActiveCfg = Release|Any CPU
		{3D031451-91A6-492E-BF11-6D0BA63D7EF9}.Release|Any CPU.Build.0 = Release|Any CPU
	EndGlobalSection
	GlobalSection(SolutionProperties) = preSolution
		HideSolutionNode = FALSE
	EndGlobalSection
	GlobalSection(ExtensibilityGlobals) = postSolution
		SolutionGuid = {CBC086C2-E53C-42DF-BD77-667E5F3F157C}
	EndGlobalSection
EndGlobal
